Microsoft Visual Studio Solution File, Format Version 12.00
# Visual Studio 14
VisualStudioVersion = 14.0.25420.1
MinimumVisualStudioVersion = 10.0.40219.1
Project("{FAE04EC0-301F-11D3-BF4B-00C04F79EFBC}") = "WorldWind", "WorldWind\WorldWind.csproj", "{394E6BC1-62F8-4776-9FC5-25633A239433}"
EndProject
Project("{FAE04EC0-301F-11D3-BF4B-00C04F79EFBC}") = "PluginSDK", "PluginSDK\PluginSDK.csproj", "{30178337-6BBE-45A0-B7DF-73B2A46F06EE}"
EndProject
Project("{FAE04EC0-301F-11D3-BF4B-00C04F79EFBC}") = "Timeline", "Timeline\Timeline.csproj", "{467BCD43-F3D9-46A5-B7A8-3A8B11708E0E}"
EndProject
Project("{FAE04EC0-301F-11D3-BF4B-00C04F79EFBC}") = "WorldXmlDescriptor", "WorldXmlDescriptor\WorldXmlDescriptor.csproj", "{9EA1E65D-4558-E940-B594-E71BF740FA04}"
EndProject
Project("{FAE04EC0-301F-11D3-BF4B-00C04F79EFBC}") = "ConfigurationWizard", "ConfigurationWizard\ConfigurationWizard.csproj", "{F94A08EC-194C-4C1C-9D84-5C98809CF5C1}"
EndProject
Project("{FAE04EC0-301F-11D3-BF4B-00C04F79EFBC}") = "Altova", "Altova\Altova.csproj", "{D43E6C54-2DF5-454E-9566-DFFE2F3A6946}"
EndProject
Project("{FAE04EC0-301F-11D3-BF4B-00C04F79EFBC}") = "AltovaXML", "AltovaXML\AltovaXML.csproj", "{03AAA791-EC2D-4A90-ABBF-45337E52DFD6}"
EndProject
Project("{FAE04EC0-301F-11D3-BF4B-00C04F79EFBC}") = "capabilities_1_1_1", "capabilities_1_1_1\capabilities_1_1_1.csproj", "{FD7F0CEC-49A5-3C4F-B757-65355BDFFD8C}"
EndProject
Project("{FAE04EC0-301F-11D3-BF4B-00C04F79EFBC}") = "capabilities_1_3_0", "capabilities_1_3_0\capabilities_1_3_0.csproj", "{000E9279-6463-144A-B6B7-297C2DB56FDA}"
EndProject
Project("{FAE04EC0-301F-11D3-BF4B-00C04F79EFBC}") = "HtmlEditor", "HtmlEditor\HtmlEditor.csproj", "{46B962CC-097B-4E5E-8835-6D89E548ED12}"
EndProject
Project("{FAE04EC0-301F-11D3-BF4B-00C04F79EFBC}") = "DstileGUI", "DstilePlugin\DstileGUI.csproj", "{B73587D5-405F-46DE-809A-0C4389168DF8}"
EndProject
Project("{FAE04EC0-301F-11D3-BF4B-00C04F79EFBC}") = "OgrVectorImporter", "OgrVectorImporter\OgrVectorImporter.csproj", "{8CDA121E-2555-4663-BC75-00FE86045D7F}"
EndProject
Project("{FAE04EC0-301F-11D3-BF4B-00C04F79EFBC}") = "RSS.NET", "RSS.NET\RSS.NET.csproj", "{C42FC014-7E12-4FAF-9BC9-79BF1529440D}"
EndProject
Project("{FAE04EC0-301F-11D3-BF4B-00C04F79EFBC}") = "Common", "Common\Common.csproj", "{87AA56B4-95EF-44A6-A3FE-EC77AFF3991C}"
EndProject
Project("{FAE04EC0-301F-11D3-BF4B-00C04F79EFBC}") = "Collab", "Collab\Collab.csproj", "{B86848BD-12A5-44F9-8464-DB387C64D9A6}"
EndProject
Global
	GlobalSection(SolutionConfigurationPlatforms) = preSolution
		Debug MSRS|Any CPU = Debug MSRS|Any CPU
		Debug MSRS|x86 = Debug MSRS|x86
		Debug|Any CPU = Debug|Any CPU
		Debug|x86 = Debug|x86
		MSRS Debug|Any CPU = MSRS Debug|Any CPU
		MSRS Debug|x86 = MSRS Debug|x86
		Release MSRS|Any CPU = Release MSRS|Any CPU
		Release MSRS|x86 = Release MSRS|x86
		Release|Any CPU = Release|Any CPU
		Release|x86 = Release|x86
	EndGlobalSection
	GlobalSection(ProjectConfigurationPlatforms) = postSolution
		{394E6BC1-62F8-4776-9FC5-25633A239433}.Debug MSRS|Any CPU.ActiveCfg = Debug|Any CPU
		{394E6BC1-62F8-4776-9FC5-25633A239433}.Debug MSRS|Any CPU.Build.0 = Debug|Any CPU
		{394E6BC1-62F8-4776-9FC5-25633A239433}.Debug MSRS|x86.ActiveCfg = Debug|Any CPU
		{394E6BC1-62F8-4776-9FC5-25633A239433}.Debug|Any CPU.ActiveCfg = Debug|Any CPU
		{394E6BC1-62F8-4776-9FC5-25633A239433}.Debug|Any CPU.Build.0 = Debug|Any CPU
		{394E6BC1-62F8-4776-9FC5-25633A239433}.Debug|x86.ActiveCfg = Debug|Any CPU
		{394E6BC1-62F8-4776-9FC5-25633A239433}.MSRS Debug|Any CPU.ActiveCfg = Debug|Any CPU
		{394E6BC1-62F8-4776-9FC5-25633A239433}.MSRS Debug|Any CPU.Build.0 = Debug|Any CPU
		{394E6BC1-62F8-4776-9FC5-25633A239433}.MSRS Debug|x86.ActiveCfg = Debug|Any CPU
		{394E6BC1-62F8-4776-9FC5-25633A239433}.Release MSRS|Any CPU.ActiveCfg = Release|Any CPU
		{394E6BC1-62F8-4776-9FC5-25633A239433}.Release MSRS|Any CPU.Build.0 = Release|Any CPU
		{394E6BC1-62F8-4776-9FC5-25633A239433}.Release MSRS|x86.ActiveCfg = Release|Any CPU
		{394E6BC1-62F8-4776-9FC5-25633A239433}.Release|Any CPU.ActiveCfg = Release|Any CPU
		{394E6BC1-62F8-4776-9FC5-25633A239433}.Release|Any CPU.Build.0 = Release|Any CPU
		{394E6BC1-62F8-4776-9FC5-25633A239433}.Release|x86.ActiveCfg = Release|Any CPU
		{30178337-6BBE-45A0-B7DF-73B2A46F06EE}.Debug MSRS|Any CPU.ActiveCfg = Debug|Any CPU
		{30178337-6BBE-45A0-B7DF-73B2A46F06EE}.Debug MSRS|Any CPU.Build.0 = Debug|Any CPU
		{30178337-6BBE-45A0-B7DF-73B2A46F06EE}.Debug MSRS|x86.ActiveCfg = Debug|Any CPU
		{30178337-6BBE-45A0-B7DF-73B2A46F06EE}.Debug|Any CPU.ActiveCfg = Debug|Any CPU
		{30178337-6BBE-45A0-B7DF-73B2A46F06EE}.Debug|Any CPU.Build.0 = Debug|Any CPU
		{30178337-6BBE-45A0-B7DF-73B2A46F06EE}.Debug|x86.ActiveCfg = Debug|Any CPU
		{30178337-6BBE-45A0-B7DF-73B2A46F06EE}.MSRS Debug|Any CPU.ActiveCfg = Debug|Any CPU
		{30178337-6BBE-45A0-B7DF-73B2A46F06EE}.MSRS Debug|Any CPU.Build.0 = Debug|Any CPU
		{30178337-6BBE-45A0-B7DF-73B2A46F06EE}.MSRS Debug|x86.ActiveCfg = Debug|Any CPU
		{30178337-6BBE-45A0-B7DF-73B2A46F06EE}.Release MSRS|Any CPU.ActiveCfg = Release|Any CPU
		{30178337-6BBE-45A0-B7DF-73B2A46F06EE}.Release MSRS|Any CPU.Build.0 = Release|Any CPU
		{30178337-6BBE-45A0-B7DF-73B2A46F06EE}.Release MSRS|x86.ActiveCfg = Release|Any CPU
		{30178337-6BBE-45A0-B7DF-73B2A46F06EE}.Release|Any CPU.ActiveCfg = Release|Any CPU
		{30178337-6BBE-45A0-B7DF-73B2A46F06EE}.Release|Any CPU.Build.0 = Release|Any CPU
		{30178337-6BBE-45A0-B7DF-73B2A46F06EE}.Release|x86.ActiveCfg = Release|Any CPU
		{467BCD43-F3D9-46A5-B7A8-3A8B11708E0E}.Debug MSRS|Any CPU.ActiveCfg = Debug|Any CPU
		{467BCD43-F3D9-46A5-B7A8-3A8B11708E0E}.Debug MSRS|Any CPU.Build.0 = Debug|Any CPU
		{467BCD43-F3D9-46A5-B7A8-3A8B11708E0E}.Debug MSRS|x86.ActiveCfg = Debug|Any CPU
		{467BCD43-F3D9-46A5-B7A8-3A8B11708E0E}.Debug|Any CPU.ActiveCfg = Debug|Any CPU
		{467BCD43-F3D9-46A5-B7A8-3A8B11708E0E}.Debug|Any CPU.Build.0 = Debug|Any CPU
		{467BCD43-F3D9-46A5-B7A8-3A8B11708E0E}.Debug|x86.ActiveCfg = Debug|Any CPU
		{467BCD43-F3D9-46A5-B7A8-3A8B11708E0E}.MSRS Debug|Any CPU.ActiveCfg = Debug|Any CPU
		{467BCD43-F3D9-46A5-B7A8-3A8B11708E0E}.MSRS Debug|Any CPU.Build.0 = Debug|Any CPU
		{467BCD43-F3D9-46A5-B7A8-3A8B11708E0E}.MSRS Debug|x86.ActiveCfg = Debug|Any CPU
		{467BCD43-F3D9-46A5-B7A8-3A8B11708E0E}.Release MSRS|Any CPU.ActiveCfg = Release|Any CPU
		{467BCD43-F3D9-46A5-B7A8-3A8B11708E0E}.Release MSRS|Any CPU.Build.0 = Release|Any CPU
		{467BCD43-F3D9-46A5-B7A8-3A8B11708E0E}.Release MSRS|x86.ActiveCfg = Release|Any CPU
		{467BCD43-F3D9-46A5-B7A8-3A8B11708E0E}.Release|Any CPU.ActiveCfg = Release|Any CPU
		{467BCD43-F3D9-46A5-B7A8-3A8B11708E0E}.Release|Any CPU.Build.0 = Release|Any CPU
		{467BCD43-F3D9-46A5-B7A8-3A8B11708E0E}.Release|x86.ActiveCfg = Release|Any CPU
		{9EA1E65D-4558-E940-B594-E71BF740FA04}.Debug MSRS|Any CPU.ActiveCfg = Debug|Any CPU
		{9EA1E65D-4558-E940-B594-E71BF740FA04}.Debug MSRS|Any CPU.Build.0 = Debug|Any CPU
		{9EA1E65D-4558-E940-B594-E71BF740FA04}.Debug MSRS|x86.ActiveCfg = Debug|Any CPU
		{9EA1E65D-4558-E940-B594-E71BF740FA04}.Debug|Any CPU.ActiveCfg = Debug|Any CPU
		{9EA1E65D-4558-E940-B594-E71BF740FA04}.Debug|Any CPU.Build.0 = Debug|Any CPU
		{9EA1E65D-4558-E940-B594-E71BF740FA04}.Debug|x86.ActiveCfg = Debug|Any CPU
		{9EA1E65D-4558-E940-B594-E71BF740FA04}.MSRS Debug|Any CPU.ActiveCfg = Debug|Any CPU
		{9EA1E65D-4558-E940-B594-E71BF740FA04}.MSRS Debug|Any CPU.Build.0 = Debug|Any CPU
		{9EA1E65D-4558-E940-B594-E71BF740FA04}.MSRS Debug|x86.ActiveCfg = Debug|Any CPU
		{9EA1E65D-4558-E940-B594-E71BF740FA04}.Release MSRS|Any CPU.ActiveCfg = Release|Any CPU
		{9EA1E65D-4558-E940-B594-E71BF740FA04}.Release MSRS|Any CPU.Build.0 = Release|Any CPU
		{9EA1E65D-4558-E940-B594-E71BF740FA04}.Release MSRS|x86.ActiveCfg = Release|Any CPU
		{9EA1E65D-4558-E940-B594-E71BF740FA04}.Release|Any CPU.ActiveCfg = Release|Any CPU
		{9EA1E65D-4558-E940-B594-E71BF740FA04}.Release|Any CPU.Build.0 = Release|Any CPU
		{9EA1E65D-4558-E940-B594-E71BF740FA04}.Release|x86.ActiveCfg = Release|Any CPU
		{F94A08EC-194C-4C1C-9D84-5C98809CF5C1}.Debug MSRS|Any CPU.ActiveCfg = Debug|Any CPU
		{F94A08EC-194C-4C1C-9D84-5C98809CF5C1}.Debug MSRS|Any CPU.Build.0 = Debug|Any CPU
		{F94A08EC-194C-4C1C-9D84-5C98809CF5C1}.Debug MSRS|x86.ActiveCfg = Debug|Any CPU
		{F94A08EC-194C-4C1C-9D84-5C98809CF5C1}.Debug|Any CPU.ActiveCfg = Debug|Any CPU
		{F94A08EC-194C-4C1C-9D84-5C98809CF5C1}.Debug|Any CPU.Build.0 = Debug|Any CPU
		{F94A08EC-194C-4C1C-9D84-5C98809CF5C1}.Debug|x86.ActiveCfg = Debug|Any CPU
		{F94A08EC-194C-4C1C-9D84-5C98809CF5C1}.MSRS Debug|Any CPU.ActiveCfg = Debug|Any CPU
		{F94A08EC-194C-4C1C-9D84-5C98809CF5C1}.MSRS Debug|Any CPU.Build.0 = Debug|Any CPU
		{F94A08EC-194C-4C1C-9D84-5C98809CF5C1}.MSRS Debug|x86.ActiveCfg = Debug|Any CPU
		{F94A08EC-194C-4C1C-9D84-5C98809CF5C1}.Release MSRS|Any CPU.ActiveCfg = Release|Any CPU
		{F94A08EC-194C-4C1C-9D84-5C98809CF5C1}.Release MSRS|Any CPU.Build.0 = Release|Any CPU
		{F94A08EC-194C-4C1C-9D84-5C98809CF5C1}.Release MSRS|x86.ActiveCfg = Release|Any CPU
		{F94A08EC-194C-4C1C-9D84-5C98809CF5C1}.Release|Any CPU.ActiveCfg = Release|Any CPU
		{F94A08EC-194C-4C1C-9D84-5C98809CF5C1}.Release|Any CPU.Build.0 = Release|Any CPU
		{F94A08EC-194C-4C1C-9D84-5C98809CF5C1}.Release|x86.ActiveCfg = Release|Any CPU
		{D43E6C54-2DF5-454E-9566-DFFE2F3A6946}.Debug MSRS|Any CPU.ActiveCfg = Debug|Any CPU
		{D43E6C54-2DF5-454E-9566-DFFE2F3A6946}.Debug MSRS|Any CPU.Build.0 = Debug|Any CPU
		{D43E6C54-2DF5-454E-9566-DFFE2F3A6946}.Debug MSRS|x86.ActiveCfg = Debug|Any CPU
		{D43E6C54-2DF5-454E-9566-DFFE2F3A6946}.Debug|Any CPU.ActiveCfg = Debug|Any CPU
		{D43E6C54-2DF5-454E-9566-DFFE2F3A6946}.Debug|Any CPU.Build.0 = Debug|Any CPU
		{D43E6C54-2DF5-454E-9566-DFFE2F3A6946}.Debug|x86.ActiveCfg = Debug|Any CPU
		{D43E6C54-2DF5-454E-9566-DFFE2F3A6946}.MSRS Debug|Any CPU.ActiveCfg = Debug|Any CPU
		{D43E6C54-2DF5-454E-9566-DFFE2F3A6946}.MSRS Debug|Any CPU.Build.0 = Debug|Any CPU
		{D43E6C54-2DF5-454E-9566-DFFE2F3A6946}.MSRS Debug|x86.ActiveCfg = Debug|Any CPU
		{D43E6C54-2DF5-454E-9566-DFFE2F3A6946}.Release MSRS|Any CPU.ActiveCfg = Release|Any CPU
		{D43E6C54-2DF5-454E-9566-DFFE2F3A6946}.Release MSRS|Any CPU.Build.0 = Release|Any CPU
		{D43E6C54-2DF5-454E-9566-DFFE2F3A6946}.Release MSRS|x86.ActiveCfg = Release|Any CPU
		{D43E6C54-2DF5-454E-9566-DFFE2F3A6946}.Release|Any CPU.ActiveCfg = Release|Any CPU
		{D43E6C54-2DF5-454E-9566-DFFE2F3A6946}.Release|Any CPU.Build.0 = Release|Any CPU
		{D43E6C54-2DF5-454E-9566-DFFE2F3A6946}.Release|x86.ActiveCfg = Release|Any CPU
		{03AAA791-EC2D-4A90-ABBF-45337E52DFD6}.Debug MSRS|Any CPU.ActiveCfg = Debug|Any CPU
		{03AAA791-EC2D-4A90-ABBF-45337E52DFD6}.Debug MSRS|Any CPU.Build.0 = Debug|Any CPU
		{03AAA791-EC2D-4A90-ABBF-45337E52DFD6}.Debug MSRS|x86.ActiveCfg = Debug|Any CPU
		{03AAA791-EC2D-4A90-ABBF-45337E52DFD6}.Debug|Any CPU.ActiveCfg = Debug|Any CPU
		{03AAA791-EC2D-4A90-ABBF-45337E52DFD6}.Debug|Any CPU.Build.0 = Debug|Any CPU
		{03AAA791-EC2D-4A90-ABBF-45337E52DFD6}.Debug|x86.ActiveCfg = Debug|Any CPU
		{03AAA791-EC2D-4A90-ABBF-45337E52DFD6}.MSRS Debug|Any CPU.ActiveCfg = Debug|Any CPU
		{03AAA791-EC2D-4A90-ABBF-45337E52DFD6}.MSRS Debug|Any CPU.Build.0 = Debug|Any CPU
		{03AAA791-EC2D-4A90-ABBF-45337E52DFD6}.MSRS Debug|x86.ActiveCfg = Debug|Any CPU
		{03AAA791-EC2D-4A90-ABBF-45337E52DFD6}.Release MSRS|Any CPU.ActiveCfg = Release|Any CPU
		{03AAA791-EC2D-4A90-ABBF-45337E52DFD6}.Release MSRS|Any CPU.Build.0 = Release|Any CPU
		{03AAA791-EC2D-4A90-ABBF-45337E52DFD6}.Release MSRS|x86.ActiveCfg = Release|Any CPU
		{03AAA791-EC2D-4A90-ABBF-45337E52DFD6}.Release|Any CPU.ActiveCfg = Release|Any CPU
		{03AAA791-EC2D-4A90-ABBF-45337E52DFD6}.Release|Any CPU.Build.0 = Release|Any CPU
		{03AAA791-EC2D-4A90-ABBF-45337E52DFD6}.Release|x86.ActiveCfg = Release|Any CPU
		{FD7F0CEC-49A5-3C4F-B757-65355BDFFD8C}.Debug MSRS|Any CPU.ActiveCfg = Debug|Any CPU
		{FD7F0CEC-49A5-3C4F-B757-65355BDFFD8C}.Debug MSRS|Any CPU.Build.0 = Debug|Any CPU
		{FD7F0CEC-49A5-3C4F-B757-65355BDFFD8C}.Debug MSRS|x86.ActiveCfg = Debug|Any CPU
		{FD7F0CEC-49A5-3C4F-B757-65355BDFFD8C}.Debug|Any CPU.ActiveCfg = Debug|Any CPU
		{FD7F0CEC-49A5-3C4F-B757-65355BDFFD8C}.Debug|Any CPU.Build.0 = Debug|Any CPU
		{FD7F0CEC-49A5-3C4F-B757-65355BDFFD8C}.Debug|x86.ActiveCfg = Debug|Any CPU
		{FD7F0CEC-49A5-3C4F-B757-65355BDFFD8C}.MSRS Debug|Any CPU.ActiveCfg = Debug|Any CPU
		{FD7F0CEC-49A5-3C4F-B757-65355BDFFD8C}.MSRS Debug|Any CPU.Build.0 = Debug|Any CPU
		{FD7F0CEC-49A5-3C4F-B757-65355BDFFD8C}.MSRS Debug|x86.ActiveCfg = Debug|Any CPU
		{FD7F0CEC-49A5-3C4F-B757-65355BDFFD8C}.Release MSRS|Any CPU.ActiveCfg = Release|Any CPU
		{FD7F0CEC-49A5-3C4F-B757-65355BDFFD8C}.Release MSRS|Any CPU.Build.0 = Release|Any CPU
		{FD7F0CEC-49A5-3C4F-B757-65355BDFFD8C}.Release MSRS|x86.ActiveCfg = Release|Any CPU
		{FD7F0CEC-49A5-3C4F-B757-65355BDFFD8C}.Release|Any CPU.ActiveCfg = Release|Any CPU
		{FD7F0CEC-49A5-3C4F-B757-65355BDFFD8C}.Release|Any CPU.Build.0 = Release|Any CPU
		{FD7F0CEC-49A5-3C4F-B757-65355BDFFD8C}.Release|x86.ActiveCfg = Release|Any CPU
		{000E9279-6463-144A-B6B7-297C2DB56FDA}.Debug MSRS|Any CPU.ActiveCfg = Debug|Any CPU
		{000E9279-6463-144A-B6B7-297C2DB56FDA}.Debug MSRS|Any CPU.Build.0 = Debug|Any CPU
		{000E9279-6463-144A-B6B7-297C2DB56FDA}.Debug MSRS|x86.ActiveCfg = Debug|Any CPU
		{000E9279-6463-144A-B6B7-297C2DB56FDA}.Debug|Any CPU.ActiveCfg = Debug|Any CPU
		{000E9279-6463-144A-B6B7-297C2DB56FDA}.Debug|Any CPU.Build.0 = Debug|Any CPU
		{000E9279-6463-144A-B6B7-297C2DB56FDA}.Debug|x86.ActiveCfg = Debug|Any CPU
		{000E9279-6463-144A-B6B7-297C2DB56FDA}.MSRS Debug|Any CPU.ActiveCfg = Debug|Any CPU
		{000E9279-6463-144A-B6B7-297C2DB56FDA}.MSRS Debug|Any CPU.Build.0 = Debug|Any CPU
		{000E9279-6463-144A-B6B7-297C2DB56FDA}.MSRS Debug|x86.ActiveCfg = Debug|Any CPU
		{000E9279-6463-144A-B6B7-297C2DB56FDA}.Release MSRS|Any CPU.ActiveCfg = Release|Any CPU
		{000E9279-6463-144A-B6B7-297C2DB56FDA}.Release MSRS|Any CPU.Build.0 = Release|Any CPU
		{000E9279-6463-144A-B6B7-297C2DB56FDA}.Release MSRS|x86.ActiveCfg = Release|Any CPU
		{000E9279-6463-144A-B6B7-297C2DB56FDA}.Release|Any CPU.ActiveCfg = Release|Any CPU
		{000E9279-6463-144A-B6B7-297C2DB56FDA}.Release|Any CPU.Build.0 = Release|Any CPU
		{000E9279-6463-144A-B6B7-297C2DB56FDA}.Release|x86.ActiveCfg = Release|Any CPU
		{46B962CC-097B-4E5E-8835-6D89E548ED12}.Debug MSRS|Any CPU.ActiveCfg = Debug|x86
		{46B962CC-097B-4E5E-8835-6D89E548ED12}.Debug MSRS|x86.ActiveCfg = Debug|x86
		{46B962CC-097B-4E5E-8835-6D89E548ED12}.Debug MSRS|x86.Build.0 = Debug|x86
		{46B962CC-097B-4E5E-8835-6D89E548ED12}.Debug|Any CPU.ActiveCfg = Debug|Any CPU
		{46B962CC-097B-4E5E-8835-6D89E548ED12}.Debug|Any CPU.Build.0 = Debug|Any CPU
		{46B962CC-097B-4E5E-8835-6D89E548ED12}.Debug|x86.ActiveCfg = Debug|x86
		{46B962CC-097B-4E5E-8835-6D89E548ED12}.Debug|x86.Build.0 = Debug|x86
		{46B962CC-097B-4E5E-8835-6D89E548ED12}.MSRS Debug|Any CPU.ActiveCfg = Debug|Any CPU
		{46B962CC-097B-4E5E-8835-6D89E548ED12}.MSRS Debug|Any CPU.Build.0 = Debug|Any CPU
		{46B962CC-097B-4E5E-8835-6D89E548ED12}.MSRS Debug|x86.ActiveCfg = Debug|x86
		{46B962CC-097B-4E5E-8835-6D89E548ED12}.MSRS Debug|x86.Build.0 = Debug|x86
		{46B962CC-097B-4E5E-8835-6D89E548ED12}.Release MSRS|Any CPU.ActiveCfg = Release|x86
		{46B962CC-097B-4E5E-8835-6D89E548ED12}.Release MSRS|x86.ActiveCfg = Release|x86
		{46B962CC-097B-4E5E-8835-6D89E548ED12}.Release MSRS|x86.Build.0 = Release|x86
		{46B962CC-097B-4E5E-8835-6D89E548ED12}.Release|Any CPU.ActiveCfg = Release|Any CPU
		{46B962CC-097B-4E5E-8835-6D89E548ED12}.Release|Any CPU.Build.0 = Release|Any CPU
		{46B962CC-097B-4E5E-8835-6D89E548ED12}.Release|x86.ActiveCfg = Release|x86
		{46B962CC-097B-4E5E-8835-6D89E548ED12}.Release|x86.Build.0 = Release|x86
		{B73587D5-405F-46DE-809A-0C4389168DF8}.Debug MSRS|Any CPU.ActiveCfg = Debug|Any CPU
		{B73587D5-405F-46DE-809A-0C4389168DF8}.Debug MSRS|Any CPU.Build.0 = Debug|Any CPU
		{B73587D5-405F-46DE-809A-0C4389168DF8}.Debug MSRS|x86.ActiveCfg = Debug|Any CPU
		{B73587D5-405F-46DE-809A-0C4389168DF8}.Debug|Any CPU.ActiveCfg = Debug|Any CPU
		{B73587D5-405F-46DE-809A-0C4389168DF8}.Debug|Any CPU.Build.0 = Debug|Any CPU
		{B73587D5-405F-46DE-809A-0C4389168DF8}.Debug|x86.ActiveCfg = Debug|Any CPU
		{B73587D5-405F-46DE-809A-0C4389168DF8}.MSRS Debug|Any CPU.ActiveCfg = Debug|Any CPU
		{B73587D5-405F-46DE-809A-0C4389168DF8}.MSRS Debug|Any CPU.Build.0 = Debug|Any CPU
		{B73587D5-405F-46DE-809A-0C4389168DF8}.MSRS Debug|x86.ActiveCfg = Debug|Any CPU
		{B73587D5-405F-46DE-809A-0C4389168DF8}.Release MSRS|Any CPU.ActiveCfg = Release|Any CPU
		{B73587D5-405F-46DE-809A-0C4389168DF8}.Release MSRS|Any CPU.Build.0 = Release|Any CPU
		{B73587D5-405F-46DE-809A-0C4389168DF8}.Release MSRS|x86.ActiveCfg = Release|Any CPU
		{B73587D5-405F-46DE-809A-0C4389168DF8}.Release|Any CPU.ActiveCfg = Release|Any CPU
		{B73587D5-405F-46DE-809A-0C4389168DF8}.Release|Any CPU.Build.0 = Release|Any CPU
		{B73587D5-405F-46DE-809A-0C4389168DF8}.Release|x86.ActiveCfg = Release|Any CPU
		{8CDA121E-2555-4663-BC75-00FE86045D7F}.Debug MSRS|Any CPU.ActiveCfg = Debug|Any CPU
		{8CDA121E-2555-4663-BC75-00FE86045D7F}.Debug MSRS|Any CPU.Build.0 = Debug|Any CPU
		{8CDA121E-2555-4663-BC75-00FE86045D7F}.Debug MSRS|x86.ActiveCfg = Debug|Any CPU
		{8CDA121E-2555-4663-BC75-00FE86045D7F}.Debug|Any CPU.ActiveCfg = Debug|Any CPU
		{8CDA121E-2555-4663-BC75-00FE86045D7F}.Debug|Any CPU.Build.0 = Debug|Any CPU
		{8CDA121E-2555-4663-BC75-00FE86045D7F}.Debug|x86.ActiveCfg = Debug|Any CPU
		{8CDA121E-2555-4663-BC75-00FE86045D7F}.MSRS Debug|Any CPU.ActiveCfg = Debug|Any CPU
		{8CDA121E-2555-4663-BC75-00FE86045D7F}.MSRS Debug|Any CPU.Build.0 = Debug|Any CPU
		{8CDA121E-2555-4663-BC75-00FE86045D7F}.MSRS Debug|x86.ActiveCfg = Debug|Any CPU
		{8CDA121E-2555-4663-BC75-00FE86045D7F}.Release MSRS|Any CPU.ActiveCfg = Release|Any CPU
		{8CDA121E-2555-4663-BC75-00FE86045D7F}.Release MSRS|Any CPU.Build.0 = Release|Any CPU
		{8CDA121E-2555-4663-BC75-00FE86045D7F}.Release MSRS|x86.ActiveCfg = Release|Any CPU
		{8CDA121E-2555-4663-BC75-00FE86045D7F}.Release|Any CPU.ActiveCfg = Release|Any CPU
		{8CDA121E-2555-4663-BC75-00FE86045D7F}.Release|Any CPU.Build.0 = Release|Any CPU
		{8CDA121E-2555-4663-BC75-00FE86045D7F}.Release|x86.ActiveCfg = Release|Any CPU
		{C42FC014-7E12-4FAF-9BC9-79BF1529440D}.Debug MSRS|Any CPU.ActiveCfg = Debug|Any CPU
		{C42FC014-7E12-4FAF-9BC9-79BF1529440D}.Debug MSRS|Any CPU.Build.0 = Debug|Any CPU
		{C42FC014-7E12-4FAF-9BC9-79BF1529440D}.Debug MSRS|x86.ActiveCfg = Debug|Any CPU
		{C42FC014-7E12-4FAF-9BC9-79BF1529440D}.Debug|Any CPU.ActiveCfg = Debug|Any CPU
		{C42FC014-7E12-4FAF-9BC9-79BF1529440D}.Debug|Any CPU.Build.0 = Debug|Any CPU
		{C42FC014-7E12-4FAF-9BC9-79BF1529440D}.Debug|x86.ActiveCfg = Debug|Any CPU
		{C42FC014-7E12-4FAF-9BC9-79BF1529440D}.MSRS Debug|Any CPU.ActiveCfg = Debug|Any CPU
		{C42FC014-7E12-4FAF-9BC9-79BF1529440D}.MSRS Debug|Any CPU.Build.0 = Debug|Any CPU
		{C42FC014-7E12-4FAF-9BC9-79BF1529440D}.MSRS Debug|x86.ActiveCfg = Debug|Any CPU
		{C42FC014-7E12-4FAF-9BC9-79BF1529440D}.Release MSRS|Any CPU.ActiveCfg = Release|Any CPU
		{C42FC014-7E12-4FAF-9BC9-79BF1529440D}.Release MSRS|Any CPU.Build.0 = Release|Any CPU
		{C42FC014-7E12-4FAF-9BC9-79BF1529440D}.Release MSRS|x86.ActiveCfg = Release|Any CPU
		{C42FC014-7E12-4FAF-9BC9-79BF1529440D}.Release|Any CPU.ActiveCfg = Release|Any CPU
		{C42FC014-7E12-4FAF-9BC9-79BF1529440D}.Release|Any CPU.Build.0 = Release|Any CPU
		{C42FC014-7E12-4FAF-9BC9-79BF1529440D}.Release|x86.ActiveCfg = Release|Any CPU
		{87AA56B4-95EF-44A6-A3FE-EC77AFF3991C}.Debug MSRS|Any CPU.ActiveCfg = Debug|Any CPU
		{87AA56B4-95EF-44A6-A3FE-EC77AFF3991C}.Debug MSRS|Any CPU.Build.0 = Debug|Any CPU
		{87AA56B4-95EF-44A6-A3FE-EC77AFF3991C}.Debug MSRS|x86.ActiveCfg = Debug|Any CPU
		{87AA56B4-95EF-44A6-A3FE-EC77AFF3991C}.Debug MSRS|x86.Build.0 = Debug|Any CPU
		{87AA56B4-95EF-44A6-A3FE-EC77AFF3991C}.Debug|Any CPU.ActiveCfg = Debug|Any CPU
		{87AA56B4-95EF-44A6-A3FE-EC77AFF3991C}.Debug|Any CPU.Build.0 = Debug|Any CPU
		{87AA56B4-95EF-44A6-A3FE-EC77AFF3991C}.Debug|x86.ActiveCfg = Debug|Any CPU
		{87AA56B4-95EF-44A6-A3FE-EC77AFF3991C}.Debug|x86.Build.0 = Debug|Any CPU
		{87AA56B4-95EF-44A6-A3FE-EC77AFF3991C}.MSRS Debug|Any CPU.ActiveCfg = Debug|Any CPU
		{87AA56B4-95EF-44A6-A3FE-EC77AFF3991C}.MSRS Debug|Any CPU.Build.0 = Debug|Any CPU
		{87AA56B4-95EF-44A6-A3FE-EC77AFF3991C}.MSRS Debug|x86.ActiveCfg = Debug|Any CPU
		{87AA56B4-95EF-44A6-A3FE-EC77AFF3991C}.MSRS Debug|x86.Build.0 = Debug|Any CPU
		{87AA56B4-95EF-44A6-A3FE-EC77AFF3991C}.Release MSRS|Any CPU.ActiveCfg = Release|Any CPU
		{87AA56B4-95EF-44A6-A3FE-EC77AFF3991C}.Release MSRS|Any CPU.Build.0 = Release|Any CPU
		{87AA56B4-95EF-44A6-A3FE-EC77AFF3991C}.Release MSRS|x86.ActiveCfg = Release|Any CPU
		{87AA56B4-95EF-44A6-A3FE-EC77AFF3991C}.Release MSRS|x86.Build.0 = Release|Any CPU
		{87AA56B4-95EF-44A6-A3FE-EC77AFF3991C}.Release|Any CPU.ActiveCfg = Release|Any CPU
		{87AA56B4-95EF-44A6-A3FE-EC77AFF3991C}.Release|Any CPU.Build.0 = Release|Any CPU
		{87AA56B4-95EF-44A6-A3FE-EC77AFF3991C}.Release|x86.ActiveCfg = Release|Any CPU
		{87AA56B4-95EF-44A6-A3FE-EC77AFF3991C}.Release|x86.Build.0 = Release|Any CPU
		{B86848BD-12A5-44F9-8464-DB387C64D9A6}.Debug MSRS|Any CPU.ActiveCfg = Debug|Any CPU
		{B86848BD-12A5-44F9-8464-DB387C64D9A6}.Debug MSRS|Any CPU.Build.0 = Debug|Any CPU
		{B86848BD-12A5-44F9-8464-DB387C64D9A6}.Debug MSRS|x86.ActiveCfg = Debug|Any CPU
		{B86848BD-12A5-44F9-8464-DB387C64D9A6}.Debug MSRS|x86.Build.0 = Debug|Any CPU
		{B86848BD-12A5-44F9-8464-DB387C64D9A6}.Debug|Any CPU.ActiveCfg = Debug|Any CPU
		{B86848BD-12A5-44F9-8464-DB387C64D9A6}.Debug|Any CPU.Build.0 = Debug|Any CPU
		{B86848BD-12A5-44F9-8464-DB387C64D9A6}.Debug|x86.ActiveCfg = Debug|Any CPU
		{B86848BD-12A5-44F9-8464-DB387C64D9A6}.Debug|x86.Build.0 = Debug|Any CPU
		{B86848BD-12A5-44F9-8464-DB387C64D9A6}.MSRS Debug|Any CPU.ActiveCfg = Debug|Any CPU
		{B86848BD-12A5-44F9-8464-DB387C64D9A6}.MSRS Debug|Any CPU.Build.0 = Debug|Any CPU
		{B86848BD-12A5-44F9-8464-DB387C64D9A6}.MSRS Debug|x86.ActiveCfg = Debug|Any CPU
		{B86848BD-12A5-44F9-8464-DB387C64D9A6}.MSRS Debug|x86.Build.0 = Debug|Any CPU
		{B86848BD-12A5-44F9-8464-DB387C64D9A6}.Release MSRS|Any CPU.ActiveCfg = Release|Any CPU
		{B86848BD-12A5-44F9-8464-DB387C64D9A6}.Release MSRS|Any CPU.Build.0 = Release|Any CPU
		{B86848BD-12A5-44F9-8464-DB387C64D9A6}.Release MSRS|x86.ActiveCfg = Release|Any CPU
		{B86848BD-12A5-44F9-8464-DB387C64D9A6}.Release MSRS|x86.Build.0 = Release|Any CPU
		{B86848BD-12A5-44F9-8464-DB387C64D9A6}.Release|Any CPU.ActiveCfg = Release|Any CPU
		{B86848BD-12A5-44F9-8464-DB387C64D9A6}.Release|Any CPU.Build.0 = Release|Any CPU
		{B86848BD-12A5-44F9-8464-DB387C64D9A6}.Release|x86.ActiveCfg = Release|Any CPU
		{B86848BD-12A5-44F9-8464-DB387C64D9A6}.Release|x86.Build.0 = Release|Any CPU
	EndGlobalSection
	GlobalSection(SolutionProperties) = preSolution
		HideSolutionNode = FALSE
	EndGlobalSection
EndGlobal
